# This file is automatically @generated by Cargo.
# It is not intended for manual editing.
version = 3

[[package]]
name = "my-local-crate"
version = "0.1.0"

[[package]]
name = "serde"
version = "1.0.188"
source = "registry+https://github.com/rust-lang/crates.io-index"
checksum = "e28c57fca5f9df1c44e3b4cd1aaff6c63f1a9f2de0e24c53f6a0e64e8c84e71b"
